
Microsoft Visual Studio Solution File, Format Version 12.00
# Visual Studio 15
VisualStudioVersion = 15.0.28307.1300
MinimumVisualStudioVersion = 10.0.40219.1
Project("{8BC9CEB8-8B4A-11D0-8D11-00A0C91BC942}") = "unitEncode", "unitEncode\unitEncode.vcxproj", "{BFB4004D-F4AD-460D-98BF-962A1248066C}"
EndProject
Global
	GlobalSection(SolutionConfigurationPlatforms) = preSolution
		Debug|x64 = Debug|x64
		Debug|x86 = Debug|x86
		Release|x64 = Release|x64
		Release|x86 = Release|x86
	EndGlobalSection
	GlobalSection(ProjectConfigurationPlatforms) = postSolution
		{BFB4004D-F4AD-460D-98BF-962A1248066C}.Debug|x64.ActiveCfg = Debug|x64
		{BFB4004D-F4AD-460D-98BF-962A1248066C}.Debug|x64.Build.0 = Debug|x64
		{BFB4004D-F4AD-460D-98BF-962A1248066C}.Debug|x86.ActiveCfg = Debug|Win32
		{BFB4004D-F4AD-460D-98BF-962A1248066C}.Debug|x86.Build.0 = Debug|Win32
		{BFB4004D-F4AD-460D-98BF-962A1248066C}.Release|x64.ActiveCfg = Release|x64
		{BFB4004D-F4AD-460D-98BF-962A1248066C}.Release|x64.Build.0 = Release|x64
		{BFB4004D-F4AD-460D-98BF-962A1248066C}.Release|x86.ActiveCfg = Release|Win32
		{BFB4004D-F4AD-460D-98BF-962A1248066C}.Release|x86.Build.0 = Release|Win32
	EndGlobalSection
	GlobalSection(SolutionProperties) = preSolution
		HideSolutionNode = FALSE
	EndGlobalSection
	GlobalSection(ExtensibilityGlobals) = postSolution
		SolutionGuid = {FAB19306-2956-4DF2-A9DE-4F19D6C90068}
	EndGlobalSection
EndGlobal
